
Microsoft Visual Studio Solution File, Format Version 12.00
# Visual Studio Version 17
VisualStudioVersion = 17.1.32210.238
MinimumVisualStudioVersion = 10.0.40219.1
Project("{FAE04EC0-301F-11D3-BF4B-00C04F79EFBC}") = "EF_Northwind_Joins", "EF_Northwind_Joins\EF_Northwind_Joins.csproj", "{2B83D48B-28B6-47FA-B857-D3078794312F}"
EndProject
Global
	GlobalSection(SolutionConfigurationPlatforms) = preSolution
		Debug|Any CPU = Debug|Any CPU
		Release|Any CPU = Release|Any CPU
	EndGlobalSection
	GlobalSection(ProjectConfigurationPlatforms) = postSolution
		{2B83D48B-28B6-47FA-B857-D3078794312F}.Debug|Any CPU.ActiveCfg = Debug|Any CPU
		{2B83D48B-28B6-47FA-B857-D3078794312F}.Debug|Any CPU.Build.0 = Debug|Any CPU
		{2B83D48B-28B6-47FA-B857-D3078794312F}.Release|Any CPU.ActiveCfg = Release|Any CPU
		{2B83D48B-28B6-47FA-B857-D3078794312F}.Release|Any CPU.Build.0 = Release|Any CPU
	EndGlobalSection
	GlobalSection(SolutionProperties) = preSolution
		HideSolutionNode = FALSE
	EndGlobalSection
	GlobalSection(ExtensibilityGlobals) = postSolution
		SolutionGuid = {C5852CD5-0ABA-4826-8DC5-96C43CBFBC7B}
	EndGlobalSection
EndGlobal
